// !$*UTF8*$!
{
	archiveVersion = 1;
	classes = {
	};
	objectVersion = 46;
	objects = {

/* Begin PBXBuildFile section */
		83B3CB721C965D4F00D73668 /* main.m in Sources */ = {isa = PBXBuildFile; fileRef = 83B3CB711C965D4F00D73668 /* main.m */; };
		83B3CB751C965D4F00D73668 /* AppDelegate.m in Sources */ = {isa = PBXBuildFile; fileRef = 83B3CB741C965D4F00D73668 /* AppDelegate.m */; };
		83B3CB781C965D4F00D73668 /* ViewController.m in Sources */ = {isa = PBXBuildFile; fileRef = 83B3CB771C965D4F00D73668 /* ViewController.m */; };
		83B3CB7B1C965D4F00D73668 /* Main.storyboard in Resources */ = {isa = PBXBuildFile; fileRef = 83B3CB791C965D4F00D73668 /* Main.storyboard */; };
		83B3CB7D1C965D4F00D73668 /* Assets.xcassets in Resources */ = {isa = PBXBuildFile; fileRef = 83B3CB7C1C965D4F00D73668 /* Assets.xcassets */; };
		83B3CB801C965D4F00D73668 /* LaunchScreen.storyboard in Resources */ = {isa = PBXBuildFile; fileRef = 83B3CB7E1C965D4F00D73668 /* LaunchScreen.storyboard */; };
		83B3CBA41C965DB100D73668 /* NSData+AES.m in Sources */ = {isa = PBXBuildFile; fileRef = 83B3CB891C965DB100D73668 /* NSData+AES.m */; };
		83B3CBA61C965DB100D73668 /* NSDate+Ext.m in Sources */ = {isa = PBXBuildFile; fileRef = 83B3CB8D1C965DB100D73668 /* NSDate+Ext.m */; };
		83B3CBA71C965DB100D73668 /* NSDictionary+Ext.m in Sources */ = {isa = PBXBuildFile; fileRef = 83B3CB8F1C965DB100D73668 /* NSDictionary+Ext.m */; };
		83B3CBA81C965DB100D73668 /* NSFileManager+Ext.m in Sources */ = {isa = PBXBuildFile; fileRef = 83B3CB911C965DB100D73668 /* NSFileManager+Ext.m */; };
		83B3CBA91C965DB100D73668 /* NSNull+Ext.m in Sources */ = {isa = PBXBuildFile; fileRef = 83B3CB931C965DB100D73668 /* NSNull+Ext.m */; };
		83B3CBAA1C965DB100D73668 /* NSObject+Log.m in Sources */ = {isa = PBXBuildFile; fileRef = 83B3CB951C965DB100D73668 /* NSObject+Log.m */; };
		83B3CBAB1C965DB100D73668 /* NSObject+Property.m in Sources */ = {isa = PBXBuildFile; fileRef = 83B3CB971C965DB100D73668 /* NSObject+Property.m */; };
		83B3CBAC1C965DB100D73668 /* NSString+Ext.m in Sources */ = {isa = PBXBuildFile; fileRef = 83B3CB991C965DB100D73668 /* NSString+Ext.m */; };
		83B3CBAD1C965DB100D73668 /* NSString+MD5.m in Sources */ = {isa = PBXBuildFile; fileRef = 83B3CB9B1C965DB100D73668 /* NSString+MD5.m */; };
		83B3CBAE1C965DB100D73668 /* UIColor+Ext.m in Sources */ = {isa = PBXBuildFile; fileRef = 83B3CB9D1C965DB100D73668 /* UIColor+Ext.m */; };
		83B3CBAF1C965DB100D73668 /* UIDevice+App.m in Sources */ = {isa = PBXBuildFile; fileRef = 83B3CB9F1C965DB100D73668 /* UIDevice+App.m */; };
		83B3CBB01C965DB100D73668 /* UIFont+App.m in Sources */ = {isa = PBXBuildFile; fileRef = 83B3CBA11C965DB100D73668 /* UIFont+App.m */; };
		83B3CBB11C965DB100D73668 /* UIImage+Ext.m in Sources */ = {isa = PBXBuildFile; fileRef = 83B3CBA31C965DB100D73668 /* UIImage+Ext.m */; };
		83B3CBB41C96633F00D73668 /* UIImage+RHHook.m in Sources */ = {isa = PBXBuildFile; fileRef = 83B3CBB31C96633F00D73668 /* UIImage+RHHook.m */; };
/* End PBXBuildFile section */

/* Begin PBXFileReference section */
		83B3CB6D1C965D4F00D73668 /* RHCategoryDemo.app */ = {isa = PBXFileReference; explicitFileType = wrapper.application; includeInIndex = 0; path = RHCategoryDemo.app; sourceTree = BUILT_PRODUCTS_DIR; };
		83B3CB711C965D4F00D73668 /* main.m */ = {isa = PBXFileReference; lastKnownFileType = sourcecode.c.objc; path = main.m; sourceTree = "<group>"; };
		83B3CB731C965D4F00D73668 /* AppDelegate.h */ = {isa = PBXFileReference; lastKnownFileType = sourcecode.c.h; path = AppDelegate.h; sourceTree = "<group>"; };
		83B3CB741C965D4F00D73668 /* AppDelegate.m */ = {isa = PBXFileReference; lastKnownFileType = sourcecode.c.objc; path = AppDelegate.m; sourceTree = "<group>"; };
		83B3CB761C965D4F00D73668 /* ViewController.h */ = {isa = PBXFileReference; lastKnownFileType = sourcecode.c.h; path = ViewController.h; sourceTree = "<group>"; };
		83B3CB771C965D4F00D73668 /* ViewController.m */ = {isa = PBXFileReference; lastKnownFileType = sourcecode.c.objc; path = ViewController.m; sourceTree = "<group>"; };
		83B3CB7A1C965D4F00D73668 /* Base */ = {isa = PBXFileReference; lastKnownFileType = file.storyboard; name = Base; path = Base.lproj/Main.storyboard; sourceTree = "<group>"; };
		83B3CB7C1C965D4F00D73668 /* Assets.xcassets */ = {isa = PBXFileReference; lastKnownFileType = folder.assetcatalog; path = Assets.xcassets; sourceTree = "<group>"; };
		83B3CB7F1C965D4F00D73668 /* Base */ = {isa = PBXFileReference; lastKnownFileType = file.storyboard; name = Base; path = Base.lproj/LaunchScreen.storyboard; sourceTree = "<group>"; };
		83B3CB811C965D4F00D73668 /* Info.plist */ = {isa = PBXFileReference; lastKnownFileType = text.plist.xml; path = Info.plist; sourceTree = "<group>"; };
		83B3CB881C965DB100D73668 /* NSData+AES.h */ = {isa = PBXFileReference; fileEncoding = 4; lastKnownFileType = sourcecode.c.h; path = "NSData+AES.h"; sourceTree = "<group>"; };
		83B3CB891C965DB100D73668 /* NSData+AES.m */ = {isa = PBXFileReference; fileEncoding = 4; lastKnownFileType = sourcecode.c.objc; path = "NSData+AES.m"; sourceTree = "<group>"; };
		83B3CB8C1C965DB100D73668 /* NSDate+Ext.h */ = {isa = PBXFileReference; fileEncoding = 4; lastKnownFileType = sourcecode.c.h; path = "NSDate+Ext.h"; sourceTree = "<group>"; };
		83B3CB8D1C965DB100D73668 /* NSDate+Ext.m */ = {isa = PBXFileReference; fileEncoding = 4; lastKnownFileType = sourcecode.c.objc; path = "NSDate+Ext.m"; sourceTree = "<group>"; };
		83B3CB8E1C965DB100D73668 /* NSDictionary+Ext.h */ = {isa = PBXFileReference; fileEncoding = 4; lastKnownFileType = sourcecode.c.h; path = "NSDictionary+Ext.h"; sourceTree = "<group>"; };
		83B3CB8F1C965DB100D73668 /* NSDictionary+Ext.m */ = {isa = PBXFileReference; fileEncoding = 4; lastKnownFileType = sourcecode.c.objc; path = "NSDictionary+Ext.m"; sourceTree = "<group>"; };
		83B3CB901C965DB100D73668 /* NSFileManager+Ext.h */ = {isa = PBXFileReference; fileEncoding = 4; lastKnownFileType = sourcecode.c.h; path = "NSFileManager+Ext.h"; sourceTree = "<group>"; };
		83B3CB911C965DB100D73668 /* NSFileManager+Ext.m */ = {isa = PBXFileReference; fileEncoding = 4; lastKnownFileType = sourcecode.c.objc; path = "NSFileManager+Ext.m"; sourceTree = "<group>"; };
		83B3CB921C965DB100D73668 /* NSNull+Ext.h */ = {isa = PBXFileReference; fileEncoding = 4; lastKnownFileType = sourcecode.c.h; path = "NSNull+Ext.h"; sourceTree = "<group>"; };
		83B3CB931C965DB100D73668 /* NSNull+Ext.m */ = {isa = PBXFileReference; fileEncoding = 4; lastKnownFileType = sourcecode.c.objc; path = "NSNull+Ext.m"; sourceTree = "<group>"; };
		83B3CB941C965DB100D73668 /* NSObject+Log.h */ = {isa = PBXFileReference; fileEncoding = 4; lastKnownFileType = sourcecode.c.h; path = "NSObject+Log.h"; sourceTree = "<group>"; };
		83B3CB951C965DB100D73668 /* NSObject+Log.m */ = {isa = PBXFileReference; fileEncoding = 4; lastKnownFileType = sourcecode.c.objc; path = "NSObject+Log.m"; sourceTree = "<group>"; };
		83B3CB961C965DB100D73668 /* NSObject+Property.h */ = {isa = PBXFileReference; fileEncoding = 4; lastKnownFileType = sourcecode.c.h; path = "NSObject+Property.h"; sourceTree = "<group>"; };
		83B3CB971C965DB100D73668 /* NSObject+Property.m */ = {isa = PBXFileReference; fileEncoding = 4; lastKnownFileType = sourcecode.c.objc; path = "NSObject+Property.m"; sourceTree = "<group>"; };
		83B3CB981C965DB100D73668 /* NSString+Ext.h */ = {isa = PBXFileReference; fileEncoding = 4; lastKnownFileType = sourcecode.c.h; path = "NSString+Ext.h"; sourceTree = "<group>"; };
		83B3CB991C965DB100D73668 /* NSString+Ext.m */ = {isa = PBXFileReference; fileEncoding = 4; lastKnownFileType = sourcecode.c.objc; path = "NSString+Ext.m"; sourceTree = "<group>"; };
		83B3CB9A1C965DB100D73668 /* NSString+MD5.h */ = {isa = PBXFileReference; fileEncoding = 4; lastKnownFileType = sourcecode.c.h; path = "NSString+MD5.h"; sourceTree = "<group>"; };
		83B3CB9B1C965DB100D73668 /* NSString+MD5.m */ = {isa = PBXFileReference; fileEncoding = 4; lastKnownFileType = sourcecode.c.objc; path = "NSString+MD5.m"; sourceTree = "<group>"; };
		83B3CB9C1C965DB100D73668 /* UIColor+Ext.h */ = {isa = PBXFileReference; fileEncoding = 4; lastKnownFileType = sourcecode.c.h; path = "UIColor+Ext.h"; sourceTree = "<group>"; };
		83B3CB9D1C965DB100D73668 /* UIColor+Ext.m */ = {isa = PBXFileReference; fileEncoding = 4; lastKnownFileType = sourcecode.c.objc; path = "UIColor+Ext.m"; sourceTree = "<group>"; };
		83B3CB9E1C965DB100D73668 /* UIDevice+App.h */ = {isa = PBXFileReference; fileEncoding = 4; lastKnownFileType = sourcecode.c.h; path = "UIDevice+App.h"; sourceTree = "<group>"; };
		83B3CB9F1C965DB100D73668 /* UIDevice+App.m */ = {isa = PBXFileReference; fileEncoding = 4; lastKnownFileType = sourcecode.c.objc; path = "UIDevice+App.m"; sourceTree = "<group>"; };
		83B3CBA01C965DB100D73668 /* UIFont+App.h */ = {isa = PBXFileReference; fileEncoding = 4; lastKnownFileType = sourcecode.c.h; path = "UIFont+App.h"; sourceTree = "<group>"; };
		83B3CBA11C965DB100D73668 /* UIFont+App.m */ = {isa = PBXFileReference; fileEncoding = 4; lastKnownFileType = sourcecode.c.objc; path = "UIFont+App.m"; sourceTree = "<group>"; };
		83B3CBA21C965DB100D73668 /* UIImage+Ext.h */ = {isa = PBXFileReference; fileEncoding = 4; lastKnownFileType = sourcecode.c.h; path = "UIImage+Ext.h"; sourceTree = "<group>"; };
		83B3CBA31C965DB100D73668 /* UIImage+Ext.m */ = {isa = PBXFileReference; fileEncoding = 4; lastKnownFileType = sourcecode.c.objc; path = "UIImage+Ext.m"; sourceTree = "<group>"; };
		83B3CBB21C96633F00D73668 /* UIImage+RHHook.h */ = {isa = PBXFileReference; fileEncoding = 4; lastKnownFileType = sourcecode.c.h; path = "UIImage+RHHook.h"; sourceTree = "<group>"; };
		83B3CBB31C96633F00D73668 /* UIImage+RHHook.m */ = {isa = PBXFileReference; fileEncoding = 4; lastKnownFileType = sourcecode.c.objc; path = "UIImage+RHHook.m"; sourceTree = "<group>"; };
/* End PBXFileReference section */

/* Begin PBXFrameworksBuildPhase section */
		83B3CB6A1C965D4F00D73668 /* Frameworks */ = {
			isa = PBXFrameworksBuildPhase;
			buildActionMask = 2147483647;
			files = (
			);
			runOnlyForDeploymentPostprocessing = 0;
		};
/* End PBXFrameworksBuildPhase section */

/* Begin PBXGroup section */
		83B3CB641C965D4F00D73668 = {
			isa = PBXGroup;
			children = (
				83B3CB871C965DB100D73668 /* RHCategory */,
				83B3CB6F1C965D4F00D73668 /* RHCategoryDemo */,
				83B3CB6E1C965D4F00D73668 /* Products */,
			);
			sourceTree = "<group>";
		};
		83B3CB6E1C965D4F00D73668 /* Products */ = {
			isa = PBXGroup;
			children = (
				83B3CB6D1C965D4F00D73668 /* RHCategoryDemo.app */,
			);
			name = Products;
			sourceTree = "<group>";
		};
		83B3CB6F1C965D4F00D73668 /* RHCategoryDemo */ = {
			isa = PBXGroup;
			children = (
				83B3CB731C965D4F00D73668 /* AppDelegate.h */,
				83B3CB741C965D4F00D73668 /* AppDelegate.m */,
				83B3CB761C965D4F00D73668 /* ViewController.h */,
				83B3CB771C965D4F00D73668 /* ViewController.m */,
				83B3CB791C965D4F00D73668 /* Main.storyboard */,
				83B3CB7C1C965D4F00D73668 /* Assets.xcassets */,
				83B3CB7E1C965D4F00D73668 /* LaunchScreen.storyboard */,
				83B3CB811C965D4F00D73668 /* Info.plist */,
				83B3CB701C965D4F00D73668 /* Supporting Files */,
			);
			path = RHCategoryDemo;
			sourceTree = "<group>";
		};
		83B3CB701C965D4F00D73668 /* Supporting Files */ = {
			isa = PBXGroup;
			children = (
				83B3CB711C965D4F00D73668 /* main.m */,
			);
			name = "Supporting Files";
			sourceTree = "<group>";
		};
		83B3CB871C965DB100D73668 /* RHCategory */ = {
			isa = PBXGroup;
			children = (
				83B3CB881C965DB100D73668 /* NSData+AES.h */,
				83B3CB891C965DB100D73668 /* NSData+AES.m */,
				83B3CB8C1C965DB100D73668 /* NSDate+Ext.h */,
				83B3CB8D1C965DB100D73668 /* NSDate+Ext.m */,
				83B3CB8E1C965DB100D73668 /* NSDictionary+Ext.h */,
				83B3CB8F1C965DB100D73668 /* NSDictionary+Ext.m */,
				83B3CB901C965DB100D73668 /* NSFileManager+Ext.h */,
				83B3CB911C965DB100D73668 /* NSFileManager+Ext.m */,
				83B3CB921C965DB100D73668 /* NSNull+Ext.h */,
				83B3CB931C965DB100D73668 /* NSNull+Ext.m */,
				83B3CB941C965DB100D73668 /* NSObject+Log.h */,
				83B3CB951C965DB100D73668 /* NSObject+Log.m */,
				83B3CB961C965DB100D73668 /* NSObject+Property.h */,
				83B3CB971C965DB100D73668 /* NSObject+Property.m */,
				83B3CB981C965DB100D73668 /* NSString+Ext.h */,
				83B3CB991C965DB100D73668 /* NSString+Ext.m */,
				83B3CB9A1C965DB100D73668 /* NSString+MD5.h */,
				83B3CB9B1C965DB100D73668 /* NSString+MD5.m */,
				83B3CB9C1C965DB100D73668 /* UIColor+Ext.h */,
				83B3CB9D1C965DB100D73668 /* UIColor+Ext.m */,
				83B3CB9E1C965DB100D73668 /* UIDevice+App.h */,
				83B3CB9F1C965DB100D73668 /* UIDevice+App.m */,
				83B3CBA01C965DB100D73668 /* UIFont+App.h */,
				83B3CBA11C965DB100D73668 /* UIFont+App.m */,
				83B3CBA21C965DB100D73668 /* UIImage+Ext.h */,
				83B3CBA31C965DB100D73668 /* UIImage+Ext.m */,
				83B3CBB21C96633F00D73668 /* UIImage+RHHook.h */,
				83B3CBB31C96633F00D73668 /* UIImage+RHHook.m */,
			);
			name = RHCategory;
			path = ../RHCategory;
			sourceTree = "<group>";
		};
/* End PBXGroup section */

/* Begin PBXNativeTarget section */
		83B3CB6C1C965D4F00D73668 /* RHCategoryDemo */ = {
			isa = PBXNativeTarget;
			buildConfigurationList = 83B3CB841C965D4F00D73668 /* Build configuration list for PBXNativeTarget "RHCategoryDemo" */;
			buildPhases = (
				83B3CB691C965D4F00D73668 /* Sources */,
				83B3CB6A1C965D4F00D73668 /* Frameworks */,
				83B3CB6B1C965D4F00D73668 /* Resources */,
			);
			buildRules = (
			);
			dependencies = (
			);
			name = RHCategoryDemo;
			productName = RHCategoryDemo;
			productReference = 83B3CB6D1C965D4F00D73668 /* RHCategoryDemo.app */;
			productType = "com.apple.product-type.application";
		};
/* End PBXNativeTarget section */

/* Begin PBXProject section */
		83B3CB651C965D4F00D73668 /* Project object */ = {
			isa = PBXProject;
			attributes = {
				LastUpgradeCheck = 0720;
				ORGANIZATIONNAME = zhuruhong;
				TargetAttributes = {
					83B3CB6C1C965D4F00D73668 = {
						CreatedOnToolsVersion = 7.2.1;
					};
				};
			};
			buildConfigurationList = 83B3CB681C965D4F00D73668 /* Build configuration list for PBXProject "RHCategoryDemo" */;
			compatibilityVersion = "Xcode 3.2";
			developmentRegion = English;
			hasScannedForEncodings = 0;
			knownRegions = (
				en,
				Base,
			);
			mainGroup = 83B3CB641C965D4F00D73668;
			productRefGroup = 83B3CB6E1C965D4F00D73668 /* Products */;
			projectDirPath = "";
			projectRoot = "";
			targets = (
				83B3CB6C1C965D4F00D73668 /* RHCategoryDemo */,
			);
		};
/* End PBXProject section */

/* Begin PBXResourcesBuildPhase section */
		83B3CB6B1C965D4F00D73668 /* Resources */ = {
			isa = PBXResourcesBuildPhase;
			buildActionMask = 2147483647;
			files = (
				83B3CB801C965D4F00D73668 /* LaunchScreen.storyboard in Resources */,
				83B3CB7D1C965D4F00D73668 /* Assets.xcassets in Resources */,
				83B3CB7B1C965D4F00D73668 /* Main.storyboard in Resources */,
			);
			runOnlyForDeploymentPostprocessing = 0;
		};
/* End PBXResourcesBuildPhase section */

/* Begin PBXSourcesBuildPhase section */
		83B3CB691C965D4F00D73668 /* Sources */ = {
			isa = PBXSourcesBuildPhase;
			buildActionMask = 2147483647;
			files = (
				83B3CBAF1C965DB100D73668 /* UIDevice+App.m in Sources */,
				83B3CB781C965D4F00D73668 /* ViewController.m in Sources */,
				83B3CBAA1C965DB100D73668 /* NSObject+Log.m in Sources */,
				83B3CBA61C965DB100D73668 /* NSDate+Ext.m in Sources */,
				83B3CB751C965D4F00D73668 /* AppDelegate.m in Sources */,
				83B3CBAB1C965DB100D73668 /* NSObject+Property.m in Sources */,
				83B3CBA41C965DB100D73668 /* NSData+AES.m in Sources */,
				83B3CBB01C965DB100D73668 /* UIFont+App.m in Sources */,
				83B3CBAE1C965DB100D73668 /* UIColor+Ext.m in Sources */,
				83B3CBB41C96633F00D73668 /* UIImage+RHHook.m in Sources */,
				83B3CBAD1C965DB100D73668 /* NSString+MD5.m in Sources */,
				83B3CBA91C965DB100D73668 /* NSNull+Ext.m in Sources */,
				83B3CBA71C965DB100D73668 /* NSDictionary+Ext.m in Sources */,
				83B3CBAC1C965DB100D73668 /* NSString+Ext.m in Sources */,
				83B3CBA81C965DB100D73668 /* NSFileManager+Ext.m in Sources */,
				83B3CBB11C965DB100D73668 /* UIImage+Ext.m in Sources */,
				83B3CB721C965D4F00D73668 /* main.m in Sources */,
			);
			runOnlyForDeploymentPostprocessing = 0;
		};
/* End PBXSourcesBuildPhase section */

/* Begin PBXVariantGroup section */
		83B3CB791C965D4F00D73668 /* Main.storyboard */ = {
			isa = PBXVariantGroup;
			children = (
				83B3CB7A1C965D4F00D73668 /* Base */,
			);
			name = Main.storyboard;
			sourceTree = "<group>";
		};
		83B3CB7E1C965D4F00D73668 /* LaunchScreen.storyboard */ = {
			isa = PBXVariantGroup;
			children = (
				83B3CB7F1C965D4F00D73668 /* Base */,
			);
			name = LaunchScreen.storyboard;
			sourceTree = "<group>";
		};
/* End PBXVariantGroup section */

/* Begin XCBuildConfiguration section */
		83B3CB821C965D4F00D73668 /* Debug */ = {
			isa = XCBuildConfiguration;
			buildSettings = {
				ALWAYS_SEARCH_USER_PATHS = NO;
				CLANG_CXX_LANGUAGE_STANDARD = "gnu++0x";
				CLANG_CXX_LIBRARY = "libc++";
				CLANG_ENABLE_MODULES = YES;
				CLANG_ENABLE_OBJC_ARC = YES;
				CLANG_WARN_BOOL_CONVERSION = YES;
				CLANG_WARN_CONSTANT_CONVERSION = YES;
				CLANG_WARN_DIRECT_OBJC_ISA_USAGE = YES_ERROR;
				CLANG_WARN_EMPTY_BODY = YES;
				CLANG_WARN_ENUM_CONVERSION = YES;
				CLANG_WARN_INT_CONVERSION = YES;
				CLANG_WARN_OBJC_ROOT_CLASS = YES_ERROR;
				CLANG_WARN_UNREACHABLE_CODE = YES;
				CLANG_WARN__DUPLICATE_METHOD_MATCH = YES;
				"CODE_SIGN_IDENTITY[sdk=iphoneos*]" = "iPhone Developer";
				COPY_PHASE_STRIP = NO;
				DEBUG_INFORMATION_FORMAT = dwarf;
				ENABLE_STRICT_OBJC_MSGSEND = YES;
				ENABLE_TESTABILITY = YES;
				GCC_C_LANGUAGE_STANDARD = gnu99;
				GCC_DYNAMIC_NO_PIC = NO;
				GCC_NO_COMMON_BLOCKS = YES;
				GCC_OPTIMIZATION_LEVEL = 0;
				GCC_PREPROCESSOR_DEFINITIONS = (
					"DEBUG=1",
					"$(inherited)",
				);
				GCC_WARN_64_TO_32_BIT_CONVERSION = YES;
				GCC_WARN_ABOUT_RETURN_TYPE = YES_ERROR;
				GCC_WARN_UNDECLARED_SELECTOR = YES;
				GCC_WARN_UNINITIALIZED_AUTOS = YES_AGGRESSIVE;
				GCC_WARN_UNUSED_FUNCTION = YES;
				GCC_WARN_UNUSED_VARIABLE = YES;
				IPHONEOS_DEPLOYMENT_TARGET = 9.2;
				MTL_ENABLE_DEBUG_INFO = YES;
				ONLY_ACTIVE_ARCH = YES;
				SDKROOT = iphoneos;
				TARGETED_DEVICE_FAMILY = "1,2";
			};
			name = Debug;
		};
		83B3CB831C965D4F00D73668 /* Release */ = {
			isa = XCBuildConfiguration;
			buildSettings = {
				ALWAYS_SEARCH_USER_PATHS = NO;
				CLANG_CXX_LANGUAGE_STANDARD = "gnu++0x";
				CLANG_CXX_LIBRARY = "libc++";
				CLANG_ENABLE_MODULES = YES;
				CLANG_ENABLE_OBJC_ARC = YES;
				CLANG_WARN_BOOL_CONVERSION = YES;
				CLANG_WARN_CONSTANT_CONVERSION = YES;
				CLANG_WARN_DIRECT_OBJC_ISA_USAGE = YES_ERROR;
				CLANG_WARN_EMPTY_BODY = YES;
				CLANG_WARN_ENUM_CONVERSION = YES;
				CLANG_WARN_INT_CONVERSION = YES;
				CLANG_WARN_OBJC_ROOT_CLASS = YES_ERROR;
				CLANG_WARN_UNREACHABLE_CODE = YES;
				CLANG_WARN__DUPLICATE_METHOD_MATCH = YES;
				"CODE_SIGN_IDENTITY[sdk=iphoneos*]" = "iPhone Developer";
				COPY_PHASE_STRIP = NO;
				DEBUG_INFORMATION_FORMAT = "dwarf-with-dsym";
				ENABLE_NS_ASSERTIONS = NO;
				ENABLE_STRICT_OBJC_MSGSEND = YES;
				GCC_C_LANGUAGE_STANDARD = gnu99;
				GCC_NO_COMMON_BLOCKS = YES;
				GCC_WARN_64_TO_32_BIT_CONVERSION = YES;
				GCC_WARN_ABOUT_RETURN_TYPE = YES_ERROR;
				GCC_WARN_UNDECLARED_SELECTOR = YES;
				GCC_WARN_UNINITIALIZED_AUTOS = YES_AGGRESSIVE;
				GCC_WARN_UNUSED_FUNCTION = YES;
				GCC_WARN_UNUSED_VARIABLE = YES;
				IPHONEOS_DEPLOYMENT_TARGET = 9.2;
				MTL_ENABLE_DEBUG_INFO = NO;
				SDKROOT = iphoneos;
				TARGETED_DEVICE_FAMILY = "1,2";
				VALIDATE_PRODUCT = YES;
			};
			name = Release;
		};
		83B3CB851C965D4F00D73668 /* Debug */ = {
			isa = XCBuildConfiguration;
			buildSettings = {
				ASSETCATALOG_COMPILER_APPICON_NAME = AppIcon;
				INFOPLIST_FILE = RHCategoryDemo/Info.plist;
				LD_RUNPATH_SEARCH_PATHS = "$(inherited) @executable_path/Frameworks";
				PRODUCT_BUNDLE_IDENTIFIER = com.RHCategoryDemo;
				PRODUCT_NAME = "$(TARGET_NAME)";
			};
			name = Debug;
		};
		83B3CB861C965D4F00D73668 /* Release */ = {
			isa = XCBuildConfiguration;
			buildSettings = {
				ASSETCATALOG_COMPILER_APPICON_NAME = AppIcon;
				INFOPLIST_FILE = RHCategoryDemo/Info.plist;
				LD_RUNPATH_SEARCH_PATHS = "$(inherited) @executable_path/Frameworks";
				PRODUCT_BUNDLE_IDENTIFIER = com.RHCategoryDemo;
				PRODUCT_NAME = "$(TARGET_NAME)";
			};
			name = Release;
		};
/* End XCBuildConfiguration section */

/* Begin XCConfigurationList section */
		83B3CB681C965D4F00D73668 /* Build configuration list for PBXProject "RHCategoryDemo" */ = {
			isa = XCConfigurationList;
			buildConfigurations = (
				83B3CB821C965D4F00D73668 /* Debug */,
				83B3CB831C965D4F00D73668 /* Release */,
			);
			defaultConfigurationIsVisible = 0;
			defaultConfigurationName = Release;
		};
		83B3CB841C965D4F00D73668 /* Build configuration list for PBXNativeTarget "RHCategoryDemo" */ = {
			isa = XCConfigurationList;
			buildConfigurations = (
				83B3CB851C965D4F00D73668 /* Debug */,
				83B3CB861C965D4F00D73668 /* Release */,
			);
			defaultConfigurationIsVisible = 0;
		};
/* End XCConfigurationList section */
	};
	rootObject = 83B3CB651C965D4F00D73668 /* Project object */;
}
